{
  "object": {
    "pins": [
      {
        "package": "Nuke",
        "repositoryURL": "https://github.com/kean/Nuke.git",
        "state": {
          "branch": "master",
          "revision": "04953e2cde7022574fda9e91d7cbe9232259bc15",
          "version": null
        }
      },
      {
        "package": "PanModal",
        "repositoryURL": "https://github.com/slackhq/PanModal.git",
        "state": {
          "branch": null,
          "revision": "b012aecb6b67a8e46369227f893c12544846613f",
          "version": "1.2.7"
        }
      }
    ]
  },
  "version": 1
}
